
Microsoft Visual Studio Solution File, Format Version 12.00
# Visual Studio Version 17
VisualStudioVersion = 17.14.36414.22 d17.14
MinimumVisualStudioVersion = 10.0.40219.1
Project("{FAE04EC0-301F-11D3-BF4B-00C04F79EFBC}") = "Messenger_Vasanov_ISP33", "Messenger_Vasanov_ISP33\Messenger_Vasanov_ISP33.csproj", "{83A8015A-526B-4B8D-8768-11E6578FE19F}"
EndProject
Global
	GlobalSection(SolutionConfigurationPlatforms) = preSolution
		Debug|Any CPU = Debug|Any CPU
		Release|Any CPU = Release|Any CPU
	EndGlobalSection
	GlobalSection(ProjectConfigurationPlatforms) = postSolution
		{83A8015A-526B-4B8D-8768-11E6578FE19F}.Debug|Any CPU.ActiveCfg = Debug|Any CPU
		{83A8015A-526B-4B8D-8768-11E6578FE19F}.Debug|Any CPU.Build.0 = Debug|Any CPU
		{83A8015A-526B-4B8D-8768-11E6578FE19F}.Release|Any CPU.ActiveCfg = Release|Any CPU
		{83A8015A-526B-4B8D-8768-11E6578FE19F}.Release|Any CPU.Build.0 = Release|Any CPU
	EndGlobalSection
	GlobalSection(SolutionProperties) = preSolution
		HideSolutionNode = FALSE
	EndGlobalSection
	GlobalSection(ExtensibilityGlobals) = postSolution
		SolutionGuid = {ED6EA5DB-6338-4B41-86F9-CFFF34B6C7F6}
	EndGlobalSection
EndGlobal
